
Microsoft Visual Studio Solution File, Format Version 12.00
# Visual Studio 15
VisualStudioVersion = 15.0.27703.2035
MinimumVisualStudioVersion = 10.0.40219.1
Project("{FAE04EC0-301F-11D3-BF4B-00C04F79EFBC}") = "QueueCollection", "QueueCollection\QueueCollection.csproj", "{7D44132C-DC1D-49C9-BD62-BD99D8A2DB4A}"
EndProject
Global
	GlobalSection(SolutionConfigurationPlatforms) = preSolution
		Debug|Any CPU = Debug|Any CPU
		Release|Any CPU = Release|Any CPU
	EndGlobalSection
	GlobalSection(ProjectConfigurationPlatforms) = postSolution
		{7D44132C-DC1D-49C9-BD62-BD99D8A2DB4A}.Debug|Any CPU.ActiveCfg = Debug|Any CPU
		{7D44132C-DC1D-49C9-BD62-BD99D8A2DB4A}.Debug|Any CPU.Build.0 = Debug|Any CPU
		{7D44132C-DC1D-49C9-BD62-BD99D8A2DB4A}.Release|Any CPU.ActiveCfg = Release|Any CPU
		{7D44132C-DC1D-49C9-BD62-BD99D8A2DB4A}.Release|Any CPU.Build.0 = Release|Any CPU
	EndGlobalSection
	GlobalSection(SolutionProperties) = preSolution
		HideSolutionNode = FALSE
	EndGlobalSection
	GlobalSection(ExtensibilityGlobals) = postSolution
		SolutionGuid = {B8E1A64B-A3C5-4D5F-8CAD-AA75AFD3DCFB}
	EndGlobalSection
EndGlobal
