
Microsoft Visual Studio Solution File, Format Version 12.00
# Visual Studio 15
VisualStudioVersion = 15.0.27703.2035
MinimumVisualStudioVersion = 10.0.40219.1
Project("{FAE04EC0-301F-11D3-BF4B-00C04F79EFBC}") = "ClassDemo", "ClassDemo\ClassDemo.csproj", "{2E00EB73-601C-4A3B-9318-524598A77FAB}"
EndProject
Global
	GlobalSection(SolutionConfigurationPlatforms) = preSolution
		Debug|Any CPU = Debug|Any CPU
		Release|Any CPU = Release|Any CPU
	EndGlobalSection
	GlobalSection(ProjectConfigurationPlatforms) = postSolution
		{2E00EB73-601C-4A3B-9318-524598A77FAB}.Debug|Any CPU.ActiveCfg = Debug|Any CPU
		{2E00EB73-601C-4A3B-9318-524598A77FAB}.Debug|Any CPU.Build.0 = Debug|Any CPU
		{2E00EB73-601C-4A3B-9318-524598A77FAB}.Release|Any CPU.ActiveCfg = Release|Any CPU
		{2E00EB73-601C-4A3B-9318-524598A77FAB}.Release|Any CPU.Build.0 = Release|Any CPU
	EndGlobalSection
	GlobalSection(SolutionProperties) = preSolution
		HideSolutionNode = FALSE
	EndGlobalSection
	GlobalSection(ExtensibilityGlobals) = postSolution
		SolutionGuid = {96C200C0-87BC-4A68-83C7-131D989AEAAF}
	EndGlobalSection
EndGlobal
