
Microsoft Visual Studio Solution File, Format Version 12.00
# Visual Studio 15
VisualStudioVersion = 15.0.27703.2035
MinimumVisualStudioVersion = 10.0.40219.1
Project("{FAE04EC0-301F-11D3-BF4B-00C04F79EFBC}") = "LambdaExpressions", "LambdaExpressions\LambdaExpressions.csproj", "{6DA8728B-6D16-410B-8265-63A8C31A166E}"
EndProject
Global
	GlobalSection(SolutionConfigurationPlatforms) = preSolution
		Debug|Any CPU = Debug|Any CPU
		Release|Any CPU = Release|Any CPU
	EndGlobalSection
	GlobalSection(ProjectConfigurationPlatforms) = postSolution
		{6DA8728B-6D16-410B-8265-63A8C31A166E}.Debug|Any CPU.ActiveCfg = Debug|Any CPU
		{6DA8728B-6D16-410B-8265-63A8C31A166E}.Debug|Any CPU.Build.0 = Debug|Any CPU
		{6DA8728B-6D16-410B-8265-63A8C31A166E}.Release|Any CPU.ActiveCfg = Release|Any CPU
		{6DA8728B-6D16-410B-8265-63A8C31A166E}.Release|Any CPU.Build.0 = Release|Any CPU
	EndGlobalSection
	GlobalSection(SolutionProperties) = preSolution
		HideSolutionNode = FALSE
	EndGlobalSection
	GlobalSection(ExtensibilityGlobals) = postSolution
		SolutionGuid = {C25F8CFA-6721-43AD-8061-D570959A064C}
	EndGlobalSection
EndGlobal
