
Microsoft Visual Studio Solution File, Format Version 12.00
# Visual Studio 15
VisualStudioVersion = 15.0.27703.2035
MinimumVisualStudioVersion = 10.0.40219.1
Project("{FAE04EC0-301F-11D3-BF4B-00C04F79EFBC}") = "ArraysDemo", "ArraysDemo\ArraysDemo.csproj", "{7BE7E5FB-A151-496B-A6C2-0D88FEEFBA18}"
EndProject
Global
	GlobalSection(SolutionConfigurationPlatforms) = preSolution
		Debug|Any CPU = Debug|Any CPU
		Release|Any CPU = Release|Any CPU
	EndGlobalSection
	GlobalSection(ProjectConfigurationPlatforms) = postSolution
		{7BE7E5FB-A151-496B-A6C2-0D88FEEFBA18}.Debug|Any CPU.ActiveCfg = Debug|Any CPU
		{7BE7E5FB-A151-496B-A6C2-0D88FEEFBA18}.Debug|Any CPU.Build.0 = Debug|Any CPU
		{7BE7E5FB-A151-496B-A6C2-0D88FEEFBA18}.Release|Any CPU.ActiveCfg = Release|Any CPU
		{7BE7E5FB-A151-496B-A6C2-0D88FEEFBA18}.Release|Any CPU.Build.0 = Release|Any CPU
	EndGlobalSection
	GlobalSection(SolutionProperties) = preSolution
		HideSolutionNode = FALSE
	EndGlobalSection
	GlobalSection(ExtensibilityGlobals) = postSolution
		SolutionGuid = {27FF2289-4F41-4BF6-8469-77905A80BACD}
	EndGlobalSection
EndGlobal
