
Microsoft Visual Studio Solution File, Format Version 12.00
# Visual Studio 15
VisualStudioVersion = 15.0.27703.2035
MinimumVisualStudioVersion = 10.0.40219.1
Project("{FAE04EC0-301F-11D3-BF4B-00C04F79EFBC}") = "StringsDemo", "StringsDemo\StringsDemo.csproj", "{E8133DCB-656B-46EC-AFC0-8DF7AA137E1E}"
EndProject
Global
	GlobalSection(SolutionConfigurationPlatforms) = preSolution
		Debug|Any CPU = Debug|Any CPU
		Release|Any CPU = Release|Any CPU
	EndGlobalSection
	GlobalSection(ProjectConfigurationPlatforms) = postSolution
		{E8133DCB-656B-46EC-AFC0-8DF7AA137E1E}.Debug|Any CPU.ActiveCfg = Debug|Any CPU
		{E8133DCB-656B-46EC-AFC0-8DF7AA137E1E}.Debug|Any CPU.Build.0 = Debug|Any CPU
		{E8133DCB-656B-46EC-AFC0-8DF7AA137E1E}.Release|Any CPU.ActiveCfg = Release|Any CPU
		{E8133DCB-656B-46EC-AFC0-8DF7AA137E1E}.Release|Any CPU.Build.0 = Release|Any CPU
	EndGlobalSection
	GlobalSection(SolutionProperties) = preSolution
		HideSolutionNode = FALSE
	EndGlobalSection
	GlobalSection(ExtensibilityGlobals) = postSolution
		SolutionGuid = {84D7A594-816C-4CEE-A47C-6484F5053C19}
	EndGlobalSection
EndGlobal
