
Microsoft Visual Studio Solution File, Format Version 12.00
# Visual Studio 15
VisualStudioVersion = 15.0.27703.2035
MinimumVisualStudioVersion = 10.0.40219.1
Project("{FAE04EC0-301F-11D3-BF4B-00C04F79EFBC}") = "AggregationComposition", "AggregationComposition\AggregationComposition.csproj", "{08F35D82-0711-4A52-93AD-11783F6B4209}"
EndProject
Global
	GlobalSection(SolutionConfigurationPlatforms) = preSolution
		Debug|Any CPU = Debug|Any CPU
		Release|Any CPU = Release|Any CPU
	EndGlobalSection
	GlobalSection(ProjectConfigurationPlatforms) = postSolution
		{08F35D82-0711-4A52-93AD-11783F6B4209}.Debug|Any CPU.ActiveCfg = Debug|Any CPU
		{08F35D82-0711-4A52-93AD-11783F6B4209}.Debug|Any CPU.Build.0 = Debug|Any CPU
		{08F35D82-0711-4A52-93AD-11783F6B4209}.Release|Any CPU.ActiveCfg = Release|Any CPU
		{08F35D82-0711-4A52-93AD-11783F6B4209}.Release|Any CPU.Build.0 = Release|Any CPU
	EndGlobalSection
	GlobalSection(SolutionProperties) = preSolution
		HideSolutionNode = FALSE
	EndGlobalSection
	GlobalSection(ExtensibilityGlobals) = postSolution
		SolutionGuid = {39990945-54B1-4A5A-B870-6DEBA722A8B3}
	EndGlobalSection
EndGlobal
